
Microsoft Visual Studio Solution File, Format Version 12.00
# Visual Studio Version 17
VisualStudioVersion = 17.11.35303.130
MinimumVisualStudioVersion = 10.0.40219.1
Project("{FAE04EC0-301F-11D3-BF4B-00C04F79EFBC}") = "Github kezdes", "Github kezdes\Github kezdes.csproj", "{8511D35B-1542-43DA-8F96-4150C03FCB54}"
EndProject
Global
	GlobalSection(SolutionConfigurationPlatforms) = preSolution
		Debug|Any CPU = Debug|Any CPU
		Release|Any CPU = Release|Any CPU
	EndGlobalSection
	GlobalSection(ProjectConfigurationPlatforms) = postSolution
		{8511D35B-1542-43DA-8F96-4150C03FCB54}.Debug|Any CPU.ActiveCfg = Debug|Any CPU
		{8511D35B-1542-43DA-8F96-4150C03FCB54}.Debug|Any CPU.Build.0 = Debug|Any CPU
		{8511D35B-1542-43DA-8F96-4150C03FCB54}.Release|Any CPU.ActiveCfg = Release|Any CPU
		{8511D35B-1542-43DA-8F96-4150C03FCB54}.Release|Any CPU.Build.0 = Release|Any CPU
	EndGlobalSection
	GlobalSection(SolutionProperties) = preSolution
		HideSolutionNode = FALSE
	EndGlobalSection
	GlobalSection(ExtensibilityGlobals) = postSolution
		SolutionGuid = {363A17AD-8E90-44E1-B7C7-E4E26EB19F1D}
	EndGlobalSection
EndGlobal
